
Microsoft Visual Studio Solution File, Format Version 12.00
# Visual Studio 14
VisualStudioVersion = 14.0.25420.1
MinimumVisualStudioVersion = 10.0.40219.1
Project("{2150E333-8FDC-42A3-9474-1A3956D46DE8}") = "src", "src", "{EE613002-B359-45FD-9430-D4A138085DBC}"
EndProject
Project("{2150E333-8FDC-42A3-9474-1A3956D46DE8}") = "Solution Items", "Solution Items", "{498F865F-5243-4CCA-AEF4-8789D6889EC5}"
	ProjectSection(SolutionItems) = preProject
		global.json = global.json
	EndProjectSection
EndProject
Project("{8BB2217D-0F2D-49D1-97BC-3654ED321F3B}") = "SocialStockAPI", "src\SocialStockAPI\SocialStockAPI.xproj", "{E3298258-2EDA-4BAB-9C47-B039DF72BC4A}"
EndProject
Global
	GlobalSection(SolutionConfigurationPlatforms) = preSolution
		Debug|Any CPU = Debug|Any CPU
		Release|Any CPU = Release|Any CPU
	EndGlobalSection
	GlobalSection(ProjectConfigurationPlatforms) = postSolution
		{E3298258-2EDA-4BAB-9C47-B039DF72BC4A}.Debug|Any CPU.ActiveCfg = Debug|Any CPU
		{E3298258-2EDA-4BAB-9C47-B039DF72BC4A}.Debug|Any CPU.Build.0 = Debug|Any CPU
		{E3298258-2EDA-4BAB-9C47-B039DF72BC4A}.Release|Any CPU.ActiveCfg = Release|Any CPU
		{E3298258-2EDA-4BAB-9C47-B039DF72BC4A}.Release|Any CPU.Build.0 = Release|Any CPU
	EndGlobalSection
	GlobalSection(SolutionProperties) = preSolution
		HideSolutionNode = FALSE
	EndGlobalSection
	GlobalSection(NestedProjects) = preSolution
		{E3298258-2EDA-4BAB-9C47-B039DF72BC4A} = {EE613002-B359-45FD-9430-D4A138085DBC}
	EndGlobalSection
EndGlobal
